// !$*UTF8*$!
{
	archiveVersion = 1;
	classes = {
	};
	objectVersion = 46;
	objects = {

/* Begin PBXBuildFile section */
		766186F014FE6955007558B6 /* hlsl2glsltest.cpp in Sources */ = {isa = PBXBuildFile; fileRef = 766186EF14FE6955007558B6 /* hlsl2glsltest.cpp */; };
		766186F614FE6A40007558B6 /* libhlsl2glsl.a in Frameworks */ = {isa = PBXBuildFile; fileRef = 766186F514FE6A40007558B6 /* libhlsl2glsl.a */; };
		766186F814FE6AA2007558B6 /* OpenGL.framework in Frameworks */ = {isa = PBXBuildFile; fileRef = 766186F714FE6AA2007558B6 /* OpenGL.framework */; };
		766186FA14FE6AD2007558B6 /* Carbon.framework in Frameworks */ = {isa = PBXBuildFile; fileRef = 766186F914FE6AD2007558B6 /* Carbon.framework */; };
		766186FC14FE6AF9007558B6 /* AGL.framework in Frameworks */ = {isa = PBXBuildFile; fileRef = 766186FB14FE6AF9007558B6 /* AGL.framework */; };
/* End PBXBuildFile section */

/* Begin PBXCopyFilesBuildPhase section */
		766186DB14FE691F007558B6 /* CopyFiles */ = {
			isa = PBXCopyFilesBuildPhase;
			buildActionMask = 2147483647;
			dstPath = /usr/share/man/man1/;
			dstSubfolderSpec = 0;
			files = (
			);
			runOnlyForDeploymentPostprocessing = 1;
		};
/* End PBXCopyFilesBuildPhase section */

/* Begin PBXFileReference section */
		766186DD14FE691F007558B6 /* hlsl2glsltest */ = {isa = PBXFileReference; explicitFileType = "compiled.mach-o.executable"; includeInIndex = 0; path = hlsl2glsltest; sourceTree = BUILT_PRODUCTS_DIR; };
		766186EF14FE6955007558B6 /* hlsl2glsltest.cpp */ = {isa = PBXFileReference; fileEncoding = 4; lastKnownFileType = sourcecode.cpp.cpp; path = hlsl2glsltest.cpp; sourceTree = SOURCE_ROOT; };
		766186F514FE6A40007558B6 /* libhlsl2glsl.a */ = {isa = PBXFileReference; lastKnownFileType = file; name = libhlsl2glsl.a; path = ../../lib/mac/Release/libhlsl2glsl.a; sourceTree = "<group>"; };
		766186F714FE6AA2007558B6 /* OpenGL.framework */ = {isa = PBXFileReference; lastKnownFileType = wrapper.framework; name = OpenGL.framework; path = System/Library/Frameworks/OpenGL.framework; sourceTree = SDKROOT; };
		766186F914FE6AD2007558B6 /* Carbon.framework */ = {isa = PBXFileReference; lastKnownFileType = wrapper.framework; name = Carbon.framework; path = System/Library/Frameworks/Carbon.framework; sourceTree = SDKROOT; };
		766186FB14FE6AF9007558B6 /* AGL.framework */ = {isa = PBXFileReference; lastKnownFileType = wrapper.framework; name = AGL.framework; path = System/Library/Frameworks/AGL.framework; sourceTree = SDKROOT; };
/* End PBXFileReference section */

/* Begin PBXFrameworksBuildPhase section */
		766186DA14FE691F007558B6 /* Frameworks */ = {
			isa = PBXFrameworksBuildPhase;
			buildActionMask = 2147483647;
			files = (
				766186FC14FE6AF9007558B6 /* AGL.framework in Frameworks */,
				766186FA14FE6AD2007558B6 /* Carbon.framework in Frameworks */,
				766186F814FE6AA2007558B6 /* OpenGL.framework in Frameworks */,
				766186F614FE6A40007558B6 /* libhlsl2glsl.a in Frameworks */,
			);
			runOnlyForDeploymentPostprocessing = 0;
		};
/* End PBXFrameworksBuildPhase section */

/* Begin PBXGroup section */
		766186D214FE691E007558B6 = {
			isa = PBXGroup;
			children = (
				766186FB14FE6AF9007558B6 /* AGL.framework */,
				766186F914FE6AD2007558B6 /* Carbon.framework */,
				766186F714FE6AA2007558B6 /* OpenGL.framework */,
				766186F514FE6A40007558B6 /* libhlsl2glsl.a */,
				766186E014FE691F007558B6 /* hlsl2glsltest */,
				766186DE14FE691F007558B6 /* Products */,
			);
			sourceTree = "<group>";
		};
		766186DE14FE691F007558B6 /* Products */ = {
			isa = PBXGroup;
			children = (
				766186DD14FE691F007558B6 /* hlsl2glsltest */,
			);
			name = Products;
			sourceTree = "<group>";
		};
		766186E014FE691F007558B6 /* hlsl2glsltest */ = {
			isa = PBXGroup;
			children = (
				766186EF14FE6955007558B6 /* hlsl2glsltest.cpp */,
			);
			path = hlsl2glsltest;
			sourceTree = "<group>";
		};
/* End PBXGroup section */

/* Begin PBXNativeTarget section */
		766186DC14FE691F007558B6 /* hlsl2glsltest */ = {
			isa = PBXNativeTarget;
			buildConfigurationList = 766186E714FE691F007558B6 /* Build configuration list for PBXNativeTarget "hlsl2glsltest" */;
			buildPhases = (
				766186D914FE691F007558B6 /* Sources */,
				766186DA14FE691F007558B6 /* Frameworks */,
				766186DB14FE691F007558B6 /* CopyFiles */,
			);
			buildRules = (
			);
			dependencies = (
			);
			name = hlsl2glsltest;
			productName = hlsl2glsltest;
			productReference = 766186DD14FE691F007558B6 /* hlsl2glsltest */;
			productType = "com.apple.product-type.tool";
		};
/* End PBXNativeTarget section */

/* Begin PBXProject section */
		766186D414FE691E007558B6 /* Project object */ = {
			isa = PBXProject;
			attributes = {
				LastUpgradeCheck = 0420;
				ORGANIZATIONNAME = "Bitsquid AB";
			};
			buildConfigurationList = 766186D714FE691E007558B6 /* Build configuration list for PBXProject "hlsl2glsltest" */;
			compatibilityVersion = "Xcode 3.2";
			developmentRegion = English;
			hasScannedForEncodings = 0;
			knownRegions = (
				en,
			);
			mainGroup = 766186D214FE691E007558B6;
			productRefGroup = 766186DE14FE691F007558B6 /* Products */;
			projectDirPath = "";
			projectRoot = "";
			targets = (
				766186DC14FE691F007558B6 /* hlsl2glsltest */,
			);
		};
/* End PBXProject section */

/* Begin PBXSourcesBuildPhase section */
		766186D914FE691F007558B6 /* Sources */ = {
			isa = PBXSourcesBuildPhase;
			buildActionMask = 2147483647;
			files = (
				766186F014FE6955007558B6 /* hlsl2glsltest.cpp in Sources */,
			);
			runOnlyForDeploymentPostprocessing = 0;
		};
/* End PBXSourcesBuildPhase section */

/* Begin XCBuildConfiguration section */
		766186E514FE691F007558B6 /* Debug */ = {
			isa = XCBuildConfiguration;
			buildSettings = {
				ALWAYS_SEARCH_USER_PATHS = NO;
				ARCHS = "$(ARCHS_STANDARD_32_BIT)";
				COPY_PHASE_STRIP = NO;
				GCC_C_LANGUAGE_STANDARD = gnu99;
				GCC_DYNAMIC_NO_PIC = NO;
				GCC_ENABLE_OBJC_EXCEPTIONS = YES;
				GCC_OPTIMIZATION_LEVEL = 0;
				GCC_PREPROCESSOR_DEFINITIONS = (
					"DEBUG=1",
					"$(inherited)",
				);
				GCC_SYMBOLS_PRIVATE_EXTERN = NO;
				GCC_VERSION = com.apple.compilers.llvm.clang.1_0;
				GCC_WARN_64_TO_32_BIT_CONVERSION = YES;
				GCC_WARN_ABOUT_MISSING_PROTOTYPES = YES;
				GCC_WARN_ABOUT_RETURN_TYPE = YES;
				GCC_WARN_UNUSED_VARIABLE = YES;
				MACOSX_DEPLOYMENT_TARGET = 10.7;
				ONLY_ACTIVE_ARCH = YES;
				SDKROOT = macosx10.6;
				VALID_ARCHS = i386;
			};
			name = Debug;
		};
		766186E614FE691F007558B6 /* Release */ = {
			isa = XCBuildConfiguration;
			buildSettings = {
				ALWAYS_SEARCH_USER_PATHS = NO;
				ARCHS = "$(ARCHS_STANDARD_32_BIT)";
				COPY_PHASE_STRIP = YES;
				DEBUG_INFORMATION_FORMAT = "dwarf-with-dsym";
				GCC_C_LANGUAGE_STANDARD = gnu99;
				GCC_ENABLE_OBJC_EXCEPTIONS = YES;
				GCC_VERSION = com.apple.compilers.llvm.clang.1_0;
				GCC_WARN_64_TO_32_BIT_CONVERSION = YES;
				GCC_WARN_ABOUT_MISSING_PROTOTYPES = YES;
				GCC_WARN_ABOUT_RETURN_TYPE = YES;
				GCC_WARN_UNUSED_VARIABLE = YES;
				MACOSX_DEPLOYMENT_TARGET = 10.7;
				SDKROOT = macosx10.6;
				VALID_ARCHS = i386;
			};
			name = Release;
		};
		766186E814FE691F007558B6 /* Debug */ = {
			isa = XCBuildConfiguration;
			buildSettings = {
				PRODUCT_NAME = "$(TARGET_NAME)";
			};
			name = Debug;
		};
		766186E914FE691F007558B6 /* Release */ = {
			isa = XCBuildConfiguration;
			buildSettings = {
				PRODUCT_NAME = "$(TARGET_NAME)";
			};
			name = Release;
		};
/* End XCBuildConfiguration section */

/* Begin XCConfigurationList section */
		766186D714FE691E007558B6 /* Build configuration list for PBXProject "hlsl2glsltest" */ = {
			isa = XCConfigurationList;
			buildConfigurations = (
				766186E514FE691F007558B6 /* Debug */,
				766186E614FE691F007558B6 /* Release */,
			);
			defaultConfigurationIsVisible = 0;
			defaultConfigurationName = Release;
		};
		766186E714FE691F007558B6 /* Build configuration list for PBXNativeTarget "hlsl2glsltest" */ = {
			isa = XCConfigurationList;
			buildConfigurations = (
				766186E814FE691F007558B6 /* Debug */,
				766186E914FE691F007558B6 /* Release */,
			);
			defaultConfigurationIsVisible = 0;
			defaultConfigurationName = Release;
		};
/* End XCConfigurationList section */
	};
	rootObject = 766186D414FE691E007558B6 /* Project object */;
}
